// !$*UTF8*$!
{
	archiveVersion = 1;
	classes = {
	};
	objectVersion = 51;
	objects = {

/* Begin PBXBuildFile section */
		1ADB3DA159A4FD6550E9E8FE /* Pods_StockSearchTests.framework in Frameworks */ = {isa = PBXBuildFile; fileRef = 935D8C1E122858F49F5E0E91 /* Pods_StockSearchTests.framework */; };
		20240AFE2443869A00EE803E /* WatchlistViewController.swift in Sources */ = {isa = PBXBuildFile; fileRef = 20240AFD2443869A00EE803E /* WatchlistViewController.swift */; };
		20329C0324449EA200EE67F4 /* WatchlistViewModel.swift in Sources */ = {isa = PBXBuildFile; fileRef = 20329C0224449EA200EE67F4 /* WatchlistViewModel.swift */; };
		20329C0A2444A90700EE67F4 /* BlacklistedQuery+CoreDataClass.swift in Sources */ = {isa = PBXBuildFile; fileRef = 20329C092444A90700EE67F4 /* BlacklistedQuery+CoreDataClass.swift */; };
		20329C0B2444A90700EE67F4 /* BlacklistedQuery+CoreDataProperties.swift in Sources */ = {isa = PBXBuildFile; fileRef = 20329C082444A90700EE67F4 /* BlacklistedQuery+CoreDataProperties.swift */; };
		208E4B112441D03B0091B870 /* HomeViewNavigator.swift in Sources */ = {isa = PBXBuildFile; fileRef = 208E4B102441D03B0091B870 /* HomeViewNavigator.swift */; };
		20BD589B24420B000095F3B8 /* UsersTableViewCell.swift in Sources */ = {isa = PBXBuildFile; fileRef = 20BD589924420B000095F3B8 /* UsersTableViewCell.swift */; };
		20BD589C24420B000095F3B8 /* UsersTableViewCell.xib in Resources */ = {isa = PBXBuildFile; fileRef = 20BD589A24420B000095F3B8 /* UsersTableViewCell.xib */; };
		20DDF2582441C26900DAE9F3 /* AppDelegate.swift in Sources */ = {isa = PBXBuildFile; fileRef = 20DDF2572441C26900DAE9F3 /* AppDelegate.swift */; };
		20DDF25A2441C26900DAE9F3 /* SceneDelegate.swift in Sources */ = {isa = PBXBuildFile; fileRef = 20DDF2592441C26900DAE9F3 /* SceneDelegate.swift */; };
		20DDF25F2441C26900DAE9F3 /* Main.storyboard in Resources */ = {isa = PBXBuildFile; fileRef = 20DDF25D2441C26900DAE9F3 /* Main.storyboard */; };
		20DDF2622441C26900DAE9F3 /* StockSearch.xcdatamodeld in Sources */ = {isa = PBXBuildFile; fileRef = 20DDF2602441C26900DAE9F3 /* StockSearch.xcdatamodeld */; };
		20DDF2642441C26B00DAE9F3 /* Assets.xcassets in Resources */ = {isa = PBXBuildFile; fileRef = 20DDF2632441C26B00DAE9F3 /* Assets.xcassets */; };
		20DDF2672441C26B00DAE9F3 /* LaunchScreen.storyboard in Resources */ = {isa = PBXBuildFile; fileRef = 20DDF2652441C26B00DAE9F3 /* LaunchScreen.storyboard */; };
		20DDF2722441C26B00DAE9F3 /* StockSearchTests.swift in Sources */ = {isa = PBXBuildFile; fileRef = 20DDF2712441C26B00DAE9F3 /* StockSearchTests.swift */; };
		20DDF2822441C47300DAE9F3 /* HomeViewController.swift in Sources */ = {isa = PBXBuildFile; fileRef = 20DDF2812441C47300DAE9F3 /* HomeViewController.swift */; };
		20DDF2852441C49C00DAE9F3 /* HomeViewModel.swift in Sources */ = {isa = PBXBuildFile; fileRef = 20DDF2842441C49C00DAE9F3 /* HomeViewModel.swift */; };
		20DDF2892441C51500DAE9F3 /* UserResponse.swift in Sources */ = {isa = PBXBuildFile; fileRef = 20DDF2872441C51500DAE9F3 /* UserResponse.swift */; };
		20DDF28A2441C51500DAE9F3 /* HomeResponse.swift in Sources */ = {isa = PBXBuildFile; fileRef = 20DDF2882441C51500DAE9F3 /* HomeResponse.swift */; };
		20DDF28D2441C55F00DAE9F3 /* WebServiceHelper.swift in Sources */ = {isa = PBXBuildFile; fileRef = 20DDF28C2441C55F00DAE9F3 /* WebServiceHelper.swift */; };
		20DDF28F2441C56E00DAE9F3 /* NetworkManager.swift in Sources */ = {isa = PBXBuildFile; fileRef = 20DDF28E2441C56E00DAE9F3 /* NetworkManager.swift */; };
		20DDF2932441C63100DAE9F3 /* SSURLSession.swift in Sources */ = {isa = PBXBuildFile; fileRef = 20DDF2922441C63100DAE9F3 /* SSURLSession.swift */; };
		20DDF2952441C66E00DAE9F3 /* AppConstants.swift in Sources */ = {isa = PBXBuildFile; fileRef = 20DDF2942441C66E00DAE9F3 /* AppConstants.swift */; };
		20DDF29D2441C9B200DAE9F3 /* CoreDataManager.swift in Sources */ = {isa = PBXBuildFile; fileRef = 20DDF29C2441C9B200DAE9F3 /* CoreDataManager.swift */; };
		20DDF2A02441CB5500DAE9F3 /* User+CoreDataClass.swift in Sources */ = {isa = PBXBuildFile; fileRef = 20DDF29E2441CB5500DAE9F3 /* User+CoreDataClass.swift */; };
		20DDF2A12441CB5500DAE9F3 /* User+CoreDataProperties.swift in Sources */ = {isa = PBXBuildFile; fileRef = 20DDF29F2441CB5500DAE9F3 /* User+CoreDataProperties.swift */; };
		99832EC250E2B05A533A626E /* Pods_StockSearch.framework in Frameworks */ = {isa = PBXBuildFile; fileRef = B9CE7C8562E72A153B5BFB73 /* Pods_StockSearch.framework */; };
/* End PBXBuildFile section */

/* Begin PBXContainerItemProxy section */
		20DDF26E2441C26B00DAE9F3 /* PBXContainerItemProxy */ = {
			isa = PBXContainerItemProxy;
			containerPortal = 20DDF24C2441C26900DAE9F3 /* Project object */;
			proxyType = 1;
			remoteGlobalIDString = 20DDF2532441C26900DAE9F3;
			remoteInfo = StockSearch;
		};
/* End PBXContainerItemProxy section */

/* Begin PBXFileReference section */
		20240AFD2443869A00EE803E /* WatchlistViewController.swift */ = {isa = PBXFileReference; lastKnownFileType = sourcecode.swift; path = WatchlistViewController.swift; sourceTree = "<group>"; };
		20329C0224449EA200EE67F4 /* WatchlistViewModel.swift */ = {isa = PBXFileReference; lastKnownFileType = sourcecode.swift; path = WatchlistViewModel.swift; sourceTree = "<group>"; };
		20329C082444A90700EE67F4 /* BlacklistedQuery+CoreDataProperties.swift */ = {isa = PBXFileReference; lastKnownFileType = sourcecode.swift; name = "BlacklistedQuery+CoreDataProperties.swift"; path = "/Users/taniajasam/Documents/Workspace/iOS/AngelAssignment/StockSearch/StockSearch/CoreData/CoreDataModels/BlacklistedQuery+CoreDataProperties.swift"; sourceTree = "<absolute>"; };
		20329C092444A90700EE67F4 /* BlacklistedQuery+CoreDataClass.swift */ = {isa = PBXFileReference; lastKnownFileType = sourcecode.swift; name = "BlacklistedQuery+CoreDataClass.swift"; path = "/Users/taniajasam/Documents/Workspace/iOS/AngelAssignment/StockSearch/StockSearch/CoreData/CoreDataModels/BlacklistedQuery+CoreDataClass.swift"; sourceTree = "<absolute>"; };
		208E4B102441D03B0091B870 /* HomeViewNavigator.swift */ = {isa = PBXFileReference; lastKnownFileType = sourcecode.swift; path = HomeViewNavigator.swift; sourceTree = "<group>"; };
		20BD589924420B000095F3B8 /* UsersTableViewCell.swift */ = {isa = PBXFileReference; lastKnownFileType = sourcecode.swift; path = UsersTableViewCell.swift; sourceTree = "<group>"; };
		20BD589A24420B000095F3B8 /* UsersTableViewCell.xib */ = {isa = PBXFileReference; lastKnownFileType = file.xib; path = UsersTableViewCell.xib; sourceTree = "<group>"; };
		20DDF2542441C26900DAE9F3 /* StockSearch.app */ = {isa = PBXFileReference; explicitFileType = wrapper.application; includeInIndex = 0; path = StockSearch.app; sourceTree = BUILT_PRODUCTS_DIR; };
		20DDF2572441C26900DAE9F3 /* AppDelegate.swift */ = {isa = PBXFileReference; lastKnownFileType = sourcecode.swift; path = AppDelegate.swift; sourceTree = "<group>"; };
		20DDF2592441C26900DAE9F3 /* SceneDelegate.swift */ = {isa = PBXFileReference; lastKnownFileType = sourcecode.swift; path = SceneDelegate.swift; sourceTree = "<group>"; };
		20DDF25E2441C26900DAE9F3 /* Base */ = {isa = PBXFileReference; lastKnownFileType = file.storyboard; name = Base; path = Base.lproj/Main.storyboard; sourceTree = "<group>"; };
		20DDF2612441C26900DAE9F3 /* StockSearch.xcdatamodel */ = {isa = PBXFileReference; lastKnownFileType = wrapper.xcdatamodel; path = StockSearch.xcdatamodel; sourceTree = "<group>"; };
		20DDF2632441C26B00DAE9F3 /* Assets.xcassets */ = {isa = PBXFileReference; lastKnownFileType = folder.assetcatalog; path = Assets.xcassets; sourceTree = "<group>"; };
		20DDF2662441C26B00DAE9F3 /* Base */ = {isa = PBXFileReference; lastKnownFileType = file.storyboard; name = Base; path = Base.lproj/LaunchScreen.storyboard; sourceTree = "<group>"; };
		20DDF2682441C26B00DAE9F3 /* Info.plist */ = {isa = PBXFileReference; lastKnownFileType = text.plist.xml; path = Info.plist; sourceTree = "<group>"; };
		20DDF26D2441C26B00DAE9F3 /* StockSearchTests.xctest */ = {isa = PBXFileReference; explicitFileType = wrapper.cfbundle; includeInIndex = 0; path = StockSearchTests.xctest; sourceTree = BUILT_PRODUCTS_DIR; };
		20DDF2712441C26B00DAE9F3 /* StockSearchTests.swift */ = {isa = PBXFileReference; lastKnownFileType = sourcecode.swift; path = StockSearchTests.swift; sourceTree = "<group>"; };
		20DDF2732441C26B00DAE9F3 /* Info.plist */ = {isa = PBXFileReference; lastKnownFileType = text.plist.xml; path = Info.plist; sourceTree = "<group>"; };
		20DDF2812441C47300DAE9F3 /* HomeViewController.swift */ = {isa = PBXFileReference; lastKnownFileType = sourcecode.swift; path = HomeViewController.swift; sourceTree = "<group>"; };
		20DDF2842441C49C00DAE9F3 /* HomeViewModel.swift */ = {isa = PBXFileReference; lastKnownFileType = sourcecode.swift; path = HomeViewModel.swift; sourceTree = "<group>"; };
		20DDF2872441C51500DAE9F3 /* UserResponse.swift */ = {isa = PBXFileReference; fileEncoding = 4; lastKnownFileType = sourcecode.swift; path = UserResponse.swift; sourceTree = "<group>"; };
		20DDF2882441C51500DAE9F3 /* HomeResponse.swift */ = {isa = PBXFileReference; fileEncoding = 4; lastKnownFileType = sourcecode.swift; path = HomeResponse.swift; sourceTree = "<group>"; };
		20DDF28C2441C55F00DAE9F3 /* WebServiceHelper.swift */ = {isa = PBXFileReference; lastKnownFileType = sourcecode.swift; path = WebServiceHelper.swift; sourceTree = "<group>"; };
		20DDF28E2441C56E00DAE9F3 /* NetworkManager.swift */ = {isa = PBXFileReference; lastKnownFileType = sourcecode.swift; path = NetworkManager.swift; sourceTree = "<group>"; };
		20DDF2922441C63100DAE9F3 /* SSURLSession.swift */ = {isa = PBXFileReference; lastKnownFileType = sourcecode.swift; path = SSURLSession.swift; sourceTree = "<group>"; };
		20DDF2942441C66E00DAE9F3 /* AppConstants.swift */ = {isa = PBXFileReference; lastKnownFileType = sourcecode.swift; path = AppConstants.swift; sourceTree = "<group>"; };
		20DDF29C2441C9B200DAE9F3 /* CoreDataManager.swift */ = {isa = PBXFileReference; lastKnownFileType = sourcecode.swift; path = CoreDataManager.swift; sourceTree = "<group>"; };
		20DDF29E2441CB5500DAE9F3 /* User+CoreDataClass.swift */ = {isa = PBXFileReference; lastKnownFileType = sourcecode.swift; path = "User+CoreDataClass.swift"; sourceTree = "<group>"; };
		20DDF29F2441CB5500DAE9F3 /* User+CoreDataProperties.swift */ = {isa = PBXFileReference; lastKnownFileType = sourcecode.swift; path = "User+CoreDataProperties.swift"; sourceTree = "<group>"; };
		5E1E2C0198A5C69000392E3F /* Pods-StockSearch.release.xcconfig */ = {isa = PBXFileReference; includeInIndex = 1; lastKnownFileType = text.xcconfig; name = "Pods-StockSearch.release.xcconfig"; path = "Target Support Files/Pods-StockSearch/Pods-StockSearch.release.xcconfig"; sourceTree = "<group>"; };
		73FAA133C641E8E7B021F5FA /* Pods-StockSearch.debug.xcconfig */ = {isa = PBXFileReference; includeInIndex = 1; lastKnownFileType = text.xcconfig; name = "Pods-StockSearch.debug.xcconfig"; path = "Target Support Files/Pods-StockSearch/Pods-StockSearch.debug.xcconfig"; sourceTree = "<group>"; };
		935D8C1E122858F49F5E0E91 /* Pods_StockSearchTests.framework */ = {isa = PBXFileReference; explicitFileType = wrapper.framework; includeInIndex = 0; path = Pods_StockSearchTests.framework; sourceTree = BUILT_PRODUCTS_DIR; };
		A07D512D7CF746EFE26F403E /* Pods-StockSearchTests.release.xcconfig */ = {isa = PBXFileReference; includeInIndex = 1; lastKnownFileType = text.xcconfig; name = "Pods-StockSearchTests.release.xcconfig"; path = "Target Support Files/Pods-StockSearchTests/Pods-StockSearchTests.release.xcconfig"; sourceTree = "<group>"; };
		B9CE7C8562E72A153B5BFB73 /* Pods_StockSearch.framework */ = {isa = PBXFileReference; explicitFileType = wrapper.framework; includeInIndex = 0; path = Pods_StockSearch.framework; sourceTree = BUILT_PRODUCTS_DIR; };
		F2336C2D1623B8F201C3DF09 /* Pods-StockSearchTests.debug.xcconfig */ = {isa = PBXFileReference; includeInIndex = 1; lastKnownFileType = text.xcconfig; name = "Pods-StockSearchTests.debug.xcconfig"; path = "Target Support Files/Pods-StockSearchTests/Pods-StockSearchTests.debug.xcconfig"; sourceTree = "<group>"; };
/* End PBXFileReference section */

/* Begin PBXFrameworksBuildPhase section */
		20DDF2512441C26900DAE9F3 /* Frameworks */ = {
			isa = PBXFrameworksBuildPhase;
			buildActionMask = 2147483647;
			files = (
				99832EC250E2B05A533A626E /* Pods_StockSearch.framework in Frameworks */,
			);
			runOnlyForDeploymentPostprocessing = 0;
		};
		20DDF26A2441C26B00DAE9F3 /* Frameworks */ = {
			isa = PBXFrameworksBuildPhase;
			buildActionMask = 2147483647;
			files = (
				1ADB3DA159A4FD6550E9E8FE /* Pods_StockSearchTests.framework in Frameworks */,
			);
			runOnlyForDeploymentPostprocessing = 0;
		};
/* End PBXFrameworksBuildPhase section */

/* Begin PBXGroup section */
		20240AFC2443865200EE803E /* Watchlist */ = {
			isa = PBXGroup;
			children = (
				20240AFD2443869A00EE803E /* WatchlistViewController.swift */,
			);
			path = Watchlist;
			sourceTree = "<group>";
		};
		208E4B0E2441CF820091B870 /* Home */ = {
			isa = PBXGroup;
			children = (
				20DDF2812441C47300DAE9F3 /* HomeViewController.swift */,
			);
			path = Home;
			sourceTree = "<group>";
		};
		208E4B0F2441D0240091B870 /* Navigators */ = {
			isa = PBXGroup;
			children = (
				208E4B102441D03B0091B870 /* HomeViewNavigator.swift */,
			);
			path = Navigators;
			sourceTree = "<group>";
		};
		20BD5898244209010095F3B8 /* UserTableCells */ = {
			isa = PBXGroup;
			children = (
				20BD589924420B000095F3B8 /* UsersTableViewCell.swift */,
				20BD589A24420B000095F3B8 /* UsersTableViewCell.xib */,
			);
			path = UserTableCells;
			sourceTree = "<group>";
		};
		20DDF24B2441C26900DAE9F3 = {
			isa = PBXGroup;
			children = (
				20DDF2562441C26900DAE9F3 /* StockSearch */,
				20DDF2702441C26B00DAE9F3 /* StockSearchTests */,
				20DDF2552441C26900DAE9F3 /* Products */,
				B95BC65C24A4B55C6E88FA9A /* Pods */,
				767AB1930E8A1364A8F863A5 /* Frameworks */,
			);
			sourceTree = "<group>";
		};
		20DDF2552441C26900DAE9F3 /* Products */ = {
			isa = PBXGroup;
			children = (
				20DDF2542441C26900DAE9F3 /* StockSearch.app */,
				20DDF26D2441C26B00DAE9F3 /* StockSearchTests.xctest */,
			);
			name = Products;
			sourceTree = "<group>";
		};
		20DDF2562441C26900DAE9F3 /* StockSearch */ = {
			isa = PBXGroup;
			children = (
				20DDF27C2441C3E000DAE9F3 /* Application */,
				20DDF28B2441C53600DAE9F3 /* Network */,
				20DDF2862441C4A600DAE9F3 /* ResponseModels */,
				20DDF2832441C47B00DAE9F3 /* View Models */,
				20DDF27E2441C41300DAE9F3 /* Views */,
				208E4B0F2441D0240091B870 /* Navigators */,
				20DDF29B2441C98D00DAE9F3 /* CoreData */,
				20DDF2902441C60800DAE9F3 /* Utils */,
				20DDF27F2441C43000DAE9F3 /* Supporting Files */,
				20DDF2682441C26B00DAE9F3 /* Info.plist */,
			);
			path = StockSearch;
			sourceTree = "<group>";
		};
		20DDF2702441C26B00DAE9F3 /* StockSearchTests */ = {
			isa = PBXGroup;
			children = (
				20DDF2712441C26B00DAE9F3 /* StockSearchTests.swift */,
				20DDF2732441C26B00DAE9F3 /* Info.plist */,
			);
			path = StockSearchTests;
			sourceTree = "<group>";
		};
		20DDF27C2441C3E000DAE9F3 /* Application */ = {
			isa = PBXGroup;
			children = (
				20DDF2572441C26900DAE9F3 /* AppDelegate.swift */,
				20DDF2592441C26900DAE9F3 /* SceneDelegate.swift */,
			);
			path = Application;
			sourceTree = "<group>";
		};
		20DDF27E2441C41300DAE9F3 /* Views */ = {
			isa = PBXGroup;
			children = (
				20240AFC2443865200EE803E /* Watchlist */,
				20BD5898244209010095F3B8 /* UserTableCells */,
				208E4B0E2441CF820091B870 /* Home */,
				20DDF25D2441C26900DAE9F3 /* Main.storyboard */,
				20DDF2652441C26B00DAE9F3 /* LaunchScreen.storyboard */,
			);
			path = Views;
			sourceTree = "<group>";
		};
		20DDF27F2441C43000DAE9F3 /* Supporting Files */ = {
			isa = PBXGroup;
			children = (
				20DDF2632441C26B00DAE9F3 /* Assets.xcassets */,
			);
			path = "Supporting Files";
			sourceTree = "<group>";
		};
		20DDF2832441C47B00DAE9F3 /* View Models */ = {
			isa = PBXGroup;
			children = (
				20DDF2842441C49C00DAE9F3 /* HomeViewModel.swift */,
				20329C0224449EA200EE67F4 /* WatchlistViewModel.swift */,
			);
			path = "View Models";
			sourceTree = "<group>";
		};
		20DDF2862441C4A600DAE9F3 /* ResponseModels */ = {
			isa = PBXGroup;
			children = (
				20DDF2882441C51500DAE9F3 /* HomeResponse.swift */,
				20DDF2872441C51500DAE9F3 /* UserResponse.swift */,
			);
			path = ResponseModels;
			sourceTree = "<group>";
		};
		20DDF28B2441C53600DAE9F3 /* Network */ = {
			isa = PBXGroup;
			children = (
				20DDF28C2441C55F00DAE9F3 /* WebServiceHelper.swift */,
				20DDF28E2441C56E00DAE9F3 /* NetworkManager.swift */,
			);
			path = Network;
			sourceTree = "<group>";
		};
		20DDF2902441C60800DAE9F3 /* Utils */ = {
			isa = PBXGroup;
			children = (
				20DDF2922441C63100DAE9F3 /* SSURLSession.swift */,
				20DDF2942441C66E00DAE9F3 /* AppConstants.swift */,
			);
			path = Utils;
			sourceTree = "<group>";
		};
		20DDF2962441C94400DAE9F3 /* CoreDataModels */ = {
			isa = PBXGroup;
			children = (
				20329C092444A90700EE67F4 /* BlacklistedQuery+CoreDataClass.swift */,
				20329C082444A90700EE67F4 /* BlacklistedQuery+CoreDataProperties.swift */,
				20DDF29E2441CB5500DAE9F3 /* User+CoreDataClass.swift */,
				20DDF29F2441CB5500DAE9F3 /* User+CoreDataProperties.swift */,
			);
			path = CoreDataModels;
			sourceTree = "<group>";
		};
		20DDF29B2441C98D00DAE9F3 /* CoreData */ = {
			isa = PBXGroup;
			children = (
				20DDF2602441C26900DAE9F3 /* StockSearch.xcdatamodeld */,
				20DDF2962441C94400DAE9F3 /* CoreDataModels */,
				20DDF29C2441C9B200DAE9F3 /* CoreDataManager.swift */,
			);
			path = CoreData;
			sourceTree = "<group>";
		};
		767AB1930E8A1364A8F863A5 /* Frameworks */ = {
			isa = PBXGroup;
			children = (
				B9CE7C8562E72A153B5BFB73 /* Pods_StockSearch.framework */,
				935D8C1E122858F49F5E0E91 /* Pods_StockSearchTests.framework */,
			);
			name = Frameworks;
			sourceTree = "<group>";
		};
		B95BC65C24A4B55C6E88FA9A /* Pods */ = {
			isa = PBXGroup;
			children = (
				73FAA133C641E8E7B021F5FA /* Pods-StockSearch.debug.xcconfig */,
				5E1E2C0198A5C69000392E3F /* Pods-StockSearch.release.xcconfig */,
				F2336C2D1623B8F201C3DF09 /* Pods-StockSearchTests.debug.xcconfig */,
				A07D512D7CF746EFE26F403E /* Pods-StockSearchTests.release.xcconfig */,
			);
			path = Pods;
			sourceTree = "<group>";
		};
/* End PBXGroup section */

/* Begin PBXNativeTarget section */
		20DDF2532441C26900DAE9F3 /* StockSearch */ = {
			isa = PBXNativeTarget;
			buildConfigurationList = 20DDF2762441C26B00DAE9F3 /* Build configuration list for PBXNativeTarget "StockSearch" */;
			buildPhases = (
				DB227F642A2DC0836043B371 /* [CP] Check Pods Manifest.lock */,
				20DDF2502441C26900DAE9F3 /* Sources */,
				20DDF2512441C26900DAE9F3 /* Frameworks */,
				20DDF2522441C26900DAE9F3 /* Resources */,
				9660E727FBD928A0C3B9B14E /* [CP] Embed Pods Frameworks */,
			);
			buildRules = (
			);
			dependencies = (
			);
			name = StockSearch;
			productName = StockSearch;
			productReference = 20DDF2542441C26900DAE9F3 /* StockSearch.app */;
			productType = "com.apple.product-type.application";
		};
		20DDF26C2441C26B00DAE9F3 /* StockSearchTests */ = {
			isa = PBXNativeTarget;
			buildConfigurationList = 20DDF2792441C26B00DAE9F3 /* Build configuration list for PBXNativeTarget "StockSearchTests" */;
			buildPhases = (
				C9133058A987755F93892EEB /* [CP] Check Pods Manifest.lock */,
				20DDF2692441C26B00DAE9F3 /* Sources */,
				20DDF26A2441C26B00DAE9F3 /* Frameworks */,
				20DDF26B2441C26B00DAE9F3 /* Resources */,
			);
			buildRules = (
			);
			dependencies = (
				20DDF26F2441C26B00DAE9F3 /* PBXTargetDependency */,
			);
			name = StockSearchTests;
			productName = StockSearchTests;
			productReference = 20DDF26D2441C26B00DAE9F3 /* StockSearchTests.xctest */;
			productType = "com.apple.product-type.bundle.unit-test";
		};
/* End PBXNativeTarget section */

/* Begin PBXProject section */
		20DDF24C2441C26900DAE9F3 /* Project object */ = {
			isa = PBXProject;
			attributes = {
				LastSwiftUpdateCheck = 1130;
				LastUpgradeCheck = 1130;
				ORGANIZATIONNAME = "Tania Jasam";
				TargetAttributes = {
					20DDF2532441C26900DAE9F3 = {
						CreatedOnToolsVersion = 11.3;
					};
					20DDF26C2441C26B00DAE9F3 = {
						CreatedOnToolsVersion = 11.3;
						TestTargetID = 20DDF2532441C26900DAE9F3;
					};
				};
			};
			buildConfigurationList = 20DDF24F2441C26900DAE9F3 /* Build configuration list for PBXProject "StockSearch" */;
			compatibilityVersion = "Xcode 9.3";
			developmentRegion = en;
			hasScannedForEncodings = 0;
			knownRegions = (
				en,
				Base,
			);
			mainGroup = 20DDF24B2441C26900DAE9F3;
			productRefGroup = 20DDF2552441C26900DAE9F3 /* Products */;
			projectDirPath = "";
			projectRoot = "";
			targets = (
				20DDF2532441C26900DAE9F3 /* StockSearch */,
				20DDF26C2441C26B00DAE9F3 /* StockSearchTests */,
			);
		};
/* End PBXProject section */

/* Begin PBXResourcesBuildPhase section */
		20DDF2522441C26900DAE9F3 /* Resources */ = {
			isa = PBXResourcesBuildPhase;
			buildActionMask = 2147483647;
			files = (
				20BD589C24420B000095F3B8 /* UsersTableViewCell.xib in Resources */,
				20DDF2672441C26B00DAE9F3 /* LaunchScreen.storyboard in Resources */,
				20DDF2642441C26B00DAE9F3 /* Assets.xcassets in Resources */,
				20DDF25F2441C26900DAE9F3 /* Main.storyboard in Resources */,
			);
			runOnlyForDeploymentPostprocessing = 0;
		};
		20DDF26B2441C26B00DAE9F3 /* Resources */ = {
			isa = PBXResourcesBuildPhase;
			buildActionMask = 2147483647;
			files = (
			);
			runOnlyForDeploymentPostprocessing = 0;
		};
/* End PBXResourcesBuildPhase section */

/* Begin PBXShellScriptBuildPhase section */
		9660E727FBD928A0C3B9B14E /* [CP] Embed Pods Frameworks */ = {
			isa = PBXShellScriptBuildPhase;
			buildActionMask = 2147483647;
			files = (
			);
			inputFileListPaths = (
				"${PODS_ROOT}/Target Support Files/Pods-StockSearch/Pods-StockSearch-frameworks-${CONFIGURATION}-input-files.xcfilelist",
			);
			name = "[CP] Embed Pods Frameworks";
			outputFileListPaths = (
				"${PODS_ROOT}/Target Support Files/Pods-StockSearch/Pods-StockSearch-frameworks-${CONFIGURATION}-output-files.xcfilelist",
			);
			runOnlyForDeploymentPostprocessing = 0;
			shellPath = /bin/sh;
			shellScript = "\"${PODS_ROOT}/Target Support Files/Pods-StockSearch/Pods-StockSearch-frameworks.sh\"\n";
			showEnvVarsInLog = 0;
		};
		C9133058A987755F93892EEB /* [CP] Check Pods Manifest.lock */ = {
			isa = PBXShellScriptBuildPhase;
			buildActionMask = 2147483647;
			files = (
			);
			inputFileListPaths = (
			);
			inputPaths = (
				"${PODS_PODFILE_DIR_PATH}/Podfile.lock",
				"${PODS_ROOT}/Manifest.lock",
			);
			name = "[CP] Check Pods Manifest.lock";
			outputFileListPaths = (
			);
			outputPaths = (
				"$(DERIVED_FILE_DIR)/Pods-StockSearchTests-checkManifestLockResult.txt",
			);
			runOnlyForDeploymentPostprocessing = 0;
			shellPath = /bin/sh;
			shellScript = "diff \"${PODS_PODFILE_DIR_PATH}/Podfile.lock\" \"${PODS_ROOT}/Manifest.lock\" > /dev/null\nif [ $? != 0 ] ; then\n    # print error to STDERR\n    echo \"error: The sandbox is not in sync with the Podfile.lock. Run 'pod install' or update your CocoaPods installation.\" >&2\n    exit 1\nfi\n# This output is used by Xcode 'outputs' to avoid re-running this script phase.\necho \"SUCCESS\" > \"${SCRIPT_OUTPUT_FILE_0}\"\n";
			showEnvVarsInLog = 0;
		};
		DB227F642A2DC0836043B371 /* [CP] Check Pods Manifest.lock */ = {
			isa = PBXShellScriptBuildPhase;
			buildActionMask = 2147483647;
			files = (
			);
			inputFileListPaths = (
			);
			inputPaths = (
				"${PODS_PODFILE_DIR_PATH}/Podfile.lock",
				"${PODS_ROOT}/Manifest.lock",
			);
			name = "[CP] Check Pods Manifest.lock";
			outputFileListPaths = (
			);
			outputPaths = (
				"$(DERIVED_FILE_DIR)/Pods-StockSearch-checkManifestLockResult.txt",
			);
			runOnlyForDeploymentPostprocessing = 0;
			shellPath = /bin/sh;
			shellScript = "diff \"${PODS_PODFILE_DIR_PATH}/Podfile.lock\" \"${PODS_ROOT}/Manifest.lock\" > /dev/null\nif [ $? != 0 ] ; then\n    # print error to STDERR\n    echo \"error: The sandbox is not in sync with the Podfile.lock. Run 'pod install' or update your CocoaPods installation.\" >&2\n    exit 1\nfi\n# This output is used by Xcode 'outputs' to avoid re-running this script phase.\necho \"SUCCESS\" > \"${SCRIPT_OUTPUT_FILE_0}\"\n";
			showEnvVarsInLog = 0;
		};
/* End PBXShellScriptBuildPhase section */

/* Begin PBXSourcesBuildPhase section */
		20DDF2502441C26900DAE9F3 /* Sources */ = {
			isa = PBXSourcesBuildPhase;
			buildActionMask = 2147483647;
			files = (
				20DDF28F2441C56E00DAE9F3 /* NetworkManager.swift in Sources */,
				20DDF2582441C26900DAE9F3 /* AppDelegate.swift in Sources */,
				20329C0324449EA200EE67F4 /* WatchlistViewModel.swift in Sources */,
				20DDF2932441C63100DAE9F3 /* SSURLSession.swift in Sources */,
				20DDF2A02441CB5500DAE9F3 /* User+CoreDataClass.swift in Sources */,
				208E4B112441D03B0091B870 /* HomeViewNavigator.swift in Sources */,
				20DDF2952441C66E00DAE9F3 /* AppConstants.swift in Sources */,
				20DDF2622441C26900DAE9F3 /* StockSearch.xcdatamodeld in Sources */,
				20DDF25A2441C26900DAE9F3 /* SceneDelegate.swift in Sources */,
				20BD589B24420B000095F3B8 /* UsersTableViewCell.swift in Sources */,
				20DDF2852441C49C00DAE9F3 /* HomeViewModel.swift in Sources */,
				20DDF28D2441C55F00DAE9F3 /* WebServiceHelper.swift in Sources */,
				20DDF2892441C51500DAE9F3 /* UserResponse.swift in Sources */,
				20DDF2A12441CB5500DAE9F3 /* User+CoreDataProperties.swift in Sources */,
				20240AFE2443869A00EE803E /* WatchlistViewController.swift in Sources */,
				20329C0B2444A90700EE67F4 /* BlacklistedQuery+CoreDataProperties.swift in Sources */,
				20DDF28A2441C51500DAE9F3 /* HomeResponse.swift in Sources */,
				20DDF29D2441C9B200DAE9F3 /* CoreDataManager.swift in Sources */,
				20DDF2822441C47300DAE9F3 /* HomeViewController.swift in Sources */,
				20329C0A2444A90700EE67F4 /* BlacklistedQuery+CoreDataClass.swift in Sources */,
			);
			runOnlyForDeploymentPostprocessing = 0;
		};
		20DDF2692441C26B00DAE9F3 /* Sources */ = {
			isa = PBXSourcesBuildPhase;
			buildActionMask = 2147483647;
			files = (
				20DDF2722441C26B00DAE9F3 /* StockSearchTests.swift in Sources */,
			);
			runOnlyForDeploymentPostprocessing = 0;
		};
/* End PBXSourcesBuildPhase section */

/* Begin PBXTargetDependency section */
		20DDF26F2441C26B00DAE9F3 /* PBXTargetDependency */ = {
			isa = PBXTargetDependency;
			target = 20DDF2532441C26900DAE9F3 /* StockSearch */;
			targetProxy = 20DDF26E2441C26B00DAE9F3 /* PBXContainerItemProxy */;
		};
/* End PBXTargetDependency section */

/* Begin PBXVariantGroup section */
		20DDF25D2441C26900DAE9F3 /* Main.storyboard */ = {
			isa = PBXVariantGroup;
			children = (
				20DDF25E2441C26900DAE9F3 /* Base */,
			);
			name = Main.storyboard;
			sourceTree = "<group>";
		};
		20DDF2652441C26B00DAE9F3 /* LaunchScreen.storyboard */ = {
			isa = PBXVariantGroup;
			children = (
				20DDF2662441C26B00DAE9F3 /* Base */,
			);
			name = LaunchScreen.storyboard;
			sourceTree = "<group>";
		};
/* End PBXVariantGroup section */

/* Begin XCBuildConfiguration section */
		20DDF2742441C26B00DAE9F3 /* Debug */ = {
			isa = XCBuildConfiguration;
			buildSettings = {
				ALWAYS_SEARCH_USER_PATHS = NO;
				CLANG_ANALYZER_NONNULL = YES;
				CLANG_ANALYZER_NUMBER_OBJECT_CONVERSION = YES_AGGRESSIVE;
				CLANG_CXX_LANGUAGE_STANDARD = "gnu++14";
				CLANG_CXX_LIBRARY = "libc++";
				CLANG_ENABLE_MODULES = YES;
				CLANG_ENABLE_OBJC_ARC = YES;
				CLANG_ENABLE_OBJC_WEAK = YES;
				CLANG_WARN_BLOCK_CAPTURE_AUTORELEASING = YES;
				CLANG_WARN_BOOL_CONVERSION = YES;
				CLANG_WARN_COMMA = YES;
				CLANG_WARN_CONSTANT_CONVERSION = YES;
				CLANG_WARN_DEPRECATED_OBJC_IMPLEMENTATIONS = YES;
				CLANG_WARN_DIRECT_OBJC_ISA_USAGE = YES_ERROR;
				CLANG_WARN_DOCUMENTATION_COMMENTS = YES;
				CLANG_WARN_EMPTY_BODY = YES;
				CLANG_WARN_ENUM_CONVERSION = YES;
				CLANG_WARN_INFINITE_RECURSION = YES;
				CLANG_WARN_INT_CONVERSION = YES;
				CLANG_WARN_NON_LITERAL_NULL_CONVERSION = YES;
				CLANG_WARN_OBJC_IMPLICIT_RETAIN_SELF = YES;
				CLANG_WARN_OBJC_LITERAL_CONVERSION = YES;
				CLANG_WARN_OBJC_ROOT_CLASS = YES_ERROR;
				CLANG_WARN_RANGE_LOOP_ANALYSIS = YES;
				CLANG_WARN_STRICT_PROTOTYPES = YES;
				CLANG_WARN_SUSPICIOUS_MOVE = YES;
				CLANG_WARN_UNGUARDED_AVAILABILITY = YES_AGGRESSIVE;
				CLANG_WARN_UNREACHABLE_CODE = YES;
				CLANG_WARN__DUPLICATE_METHOD_MATCH = YES;
				COPY_PHASE_STRIP = NO;
				DEBUG_INFORMATION_FORMAT = dwarf;
				ENABLE_STRICT_OBJC_MSGSEND = YES;
				ENABLE_TESTABILITY = YES;
				GCC_C_LANGUAGE_STANDARD = gnu11;
				GCC_DYNAMIC_NO_PIC = NO;
				GCC_NO_COMMON_BLOCKS = YES;
				GCC_OPTIMIZATION_LEVEL = 0;
				GCC_PREPROCESSOR_DEFINITIONS = (
					"DEBUG=1",
					"$(inherited)",
				);
				GCC_WARN_64_TO_32_BIT_CONVERSION = YES;
				GCC_WARN_ABOUT_RETURN_TYPE = YES_ERROR;
				GCC_WARN_UNDECLARED_SELECTOR = YES;
				GCC_WARN_UNINITIALIZED_AUTOS = YES_AGGRESSIVE;
				GCC_WARN_UNUSED_FUNCTION = YES;
				GCC_WARN_UNUSED_VARIABLE = YES;
				IPHONEOS_DEPLOYMENT_TARGET = 13.2;
				MTL_ENABLE_DEBUG_INFO = INCLUDE_SOURCE;
				MTL_FAST_MATH = YES;
				ONLY_ACTIVE_ARCH = YES;
				SDKROOT = iphoneos;
				SWIFT_ACTIVE_COMPILATION_CONDITIONS = DEBUG;
				SWIFT_OPTIMIZATION_LEVEL = "-Onone";
			};
			name = Debug;
		};
		20DDF2752441C26B00DAE9F3 /* Release */ = {
			isa = XCBuildConfiguration;
			buildSettings = {
				ALWAYS_SEARCH_USER_PATHS = NO;
				CLANG_ANALYZER_NONNULL = YES;
				CLANG_ANALYZER_NUMBER_OBJECT_CONVERSION = YES_AGGRESSIVE;
				CLANG_CXX_LANGUAGE_STANDARD = "gnu++14";
				CLANG_CXX_LIBRARY = "libc++";
				CLANG_ENABLE_MODULES = YES;
				CLANG_ENABLE_OBJC_ARC = YES;
				CLANG_ENABLE_OBJC_WEAK = YES;
				CLANG_WARN_BLOCK_CAPTURE_AUTORELEASING = YES;
				CLANG_WARN_BOOL_CONVERSION = YES;
				CLANG_WARN_COMMA = YES;
				CLANG_WARN_CONSTANT_CONVERSION = YES;
				CLANG_WARN_DEPRECATED_OBJC_IMPLEMENTATIONS = YES;
				CLANG_WARN_DIRECT_OBJC_ISA_USAGE = YES_ERROR;
				CLANG_WARN_DOCUMENTATION_COMMENTS = YES;
				CLANG_WARN_EMPTY_BODY = YES;
				CLANG_WARN_ENUM_CONVERSION = YES;
				CLANG_WARN_INFINITE_RECURSION = YES;
				CLANG_WARN_INT_CONVERSION = YES;
				CLANG_WARN_NON_LITERAL_NULL_CONVERSION = YES;
				CLANG_WARN_OBJC_IMPLICIT_RETAIN_SELF = YES;
				CLANG_WARN_OBJC_LITERAL_CONVERSION = YES;
				CLANG_WARN_OBJC_ROOT_CLASS = YES_ERROR;
				CLANG_WARN_RANGE_LOOP_ANALYSIS = YES;
				CLANG_WARN_STRICT_PROTOTYPES = YES;
				CLANG_WARN_SUSPICIOUS_MOVE = YES;
				CLANG_WARN_UNGUARDED_AVAILABILITY = YES_AGGRESSIVE;
				CLANG_WARN_UNREACHABLE_CODE = YES;
				CLANG_WARN__DUPLICATE_METHOD_MATCH = YES;
				COPY_PHASE_STRIP = NO;
				DEBUG_INFORMATION_FORMAT = "dwarf-with-dsym";
				ENABLE_NS_ASSERTIONS = NO;
				ENABLE_STRICT_OBJC_MSGSEND = YES;
				GCC_C_LANGUAGE_STANDARD = gnu11;
				GCC_NO_COMMON_BLOCKS = YES;
				GCC_WARN_64_TO_32_BIT_CONVERSION = YES;
				GCC_WARN_ABOUT_RETURN_TYPE = YES_ERROR;
				GCC_WARN_UNDECLARED_SELECTOR = YES;
				GCC_WARN_UNINITIALIZED_AUTOS = YES_AGGRESSIVE;
				GCC_WARN_UNUSED_FUNCTION = YES;
				GCC_WARN_UNUSED_VARIABLE = YES;
				IPHONEOS_DEPLOYMENT_TARGET = 13.2;
				MTL_ENABLE_DEBUG_INFO = NO;
				MTL_FAST_MATH = YES;
				SDKROOT = iphoneos;
				SWIFT_COMPILATION_MODE = wholemodule;
				SWIFT_OPTIMIZATION_LEVEL = "-O";
				VALIDATE_PRODUCT = YES;
			};
			name = Release;
		};
		20DDF2772441C26B00DAE9F3 /* Debug */ = {
			isa = XCBuildConfiguration;
			baseConfigurationReference = 73FAA133C641E8E7B021F5FA /* Pods-StockSearch.debug.xcconfig */;
			buildSettings = {
				ASSETCATALOG_COMPILER_APPICON_NAME = AppIcon;
				CODE_SIGN_STYLE = Automatic;
				INFOPLIST_FILE = StockSearch/Info.plist;
				LD_RUNPATH_SEARCH_PATHS = (
					"$(inherited)",
					"@executable_path/Frameworks",
				);
				PRODUCT_BUNDLE_IDENTIFIER = com.develop.StockSearch;
				PRODUCT_NAME = "$(TARGET_NAME)";
				SWIFT_VERSION = 5.0;
				TARGETED_DEVICE_FAMILY = "1,2";
			};
			name = Debug;
		};
		20DDF2782441C26B00DAE9F3 /* Release */ = {
			isa = XCBuildConfiguration;
			baseConfigurationReference = 5E1E2C0198A5C69000392E3F /* Pods-StockSearch.release.xcconfig */;
			buildSettings = {
				ASSETCATALOG_COMPILER_APPICON_NAME = AppIcon;
				CODE_SIGN_STYLE = Automatic;
				INFOPLIST_FILE = StockSearch/Info.plist;
				LD_RUNPATH_SEARCH_PATHS = (
					"$(inherited)",
					"@executable_path/Frameworks",
				);
				PRODUCT_BUNDLE_IDENTIFIER = com.develop.StockSearch;
				PRODUCT_NAME = "$(TARGET_NAME)";
				SWIFT_VERSION = 5.0;
				TARGETED_DEVICE_FAMILY = "1,2";
			};
			name = Release;
		};
		20DDF27A2441C26B00DAE9F3 /* Debug */ = {
			isa = XCBuildConfiguration;
			baseConfigurationReference = F2336C2D1623B8F201C3DF09 /* Pods-StockSearchTests.debug.xcconfig */;
			buildSettings = {
				ALWAYS_EMBED_SWIFT_STANDARD_LIBRARIES = YES;
				BUNDLE_LOADER = "$(TEST_HOST)";
				CODE_SIGN_STYLE = Automatic;
				INFOPLIST_FILE = StockSearchTests/Info.plist;
				IPHONEOS_DEPLOYMENT_TARGET = 13.2;
				LD_RUNPATH_SEARCH_PATHS = (
					"$(inherited)",
					"@executable_path/Frameworks",
					"@loader_path/Frameworks",
				);
				PRODUCT_BUNDLE_IDENTIFIER = com.develop.StockSearchTests;
				PRODUCT_NAME = "$(TARGET_NAME)";
				SWIFT_VERSION = 5.0;
				TARGETED_DEVICE_FAMILY = "1,2";
				TEST_HOST = "$(BUILT_PRODUCTS_DIR)/StockSearch.app/StockSearch";
			};
			name = Debug;
		};
		20DDF27B2441C26B00DAE9F3 /* Release */ = {
			isa = XCBuildConfiguration;
			baseConfigurationReference = A07D512D7CF746EFE26F403E /* Pods-StockSearchTests.release.xcconfig */;
			buildSettings = {
				ALWAYS_EMBED_SWIFT_STANDARD_LIBRARIES = YES;
				BUNDLE_LOADER = "$(TEST_HOST)";
				CODE_SIGN_STYLE = Automatic;
				INFOPLIST_FILE = StockSearchTests/Info.plist;
				IPHONEOS_DEPLOYMENT_TARGET = 13.2;
				LD_RUNPATH_SEARCH_PATHS = (
					"$(inherited)",
					"@executable_path/Frameworks",
					"@loader_path/Frameworks",
				);
				PRODUCT_BUNDLE_IDENTIFIER = com.develop.StockSearchTests;
				PRODUCT_NAME = "$(TARGET_NAME)";
				SWIFT_VERSION = 5.0;
				TARGETED_DEVICE_FAMILY = "1,2";
				TEST_HOST = "$(BUILT_PRODUCTS_DIR)/StockSearch.app/StockSearch";
			};
			name = Release;
		};
/* End XCBuildConfiguration section */

/* Begin XCConfigurationList section */
		20DDF24F2441C26900DAE9F3 /* Build configuration list for PBXProject "StockSearch" */ = {
			isa = XCConfigurationList;
			buildConfigurations = (
				20DDF2742441C26B00DAE9F3 /* Debug */,
				20DDF2752441C26B00DAE9F3 /* Release */,
			);
			defaultConfigurationIsVisible = 0;
			defaultConfigurationName = Release;
		};
		20DDF2762441C26B00DAE9F3 /* Build configuration list for PBXNativeTarget "StockSearch" */ = {
			isa = XCConfigurationList;
			buildConfigurations = (
				20DDF2772441C26B00DAE9F3 /* Debug */,
				20DDF2782441C26B00DAE9F3 /* Release */,
			);
			defaultConfigurationIsVisible = 0;
			defaultConfigurationName = Release;
		};
		20DDF2792441C26B00DAE9F3 /* Build configuration list for PBXNativeTarget "StockSearchTests" */ = {
			isa = XCConfigurationList;
			buildConfigurations = (
				20DDF27A2441C26B00DAE9F3 /* Debug */,
				20DDF27B2441C26B00DAE9F3 /* Release */,
			);
			defaultConfigurationIsVisible = 0;
			defaultConfigurationName = Release;
		};
/* End XCConfigurationList section */

/* Begin XCVersionGroup section */
		20DDF2602441C26900DAE9F3 /* StockSearch.xcdatamodeld */ = {
			isa = XCVersionGroup;
			children = (
				20DDF2612441C26900DAE9F3 /* StockSearch.xcdatamodel */,
			);
			currentVersion = 20DDF2612441C26900DAE9F3 /* StockSearch.xcdatamodel */;
			path = StockSearch.xcdatamodeld;
			sourceTree = "<group>";
			versionGroupType = wrapper.xcdatamodel;
		};
/* End XCVersionGroup section */
	};
	rootObject = 20DDF24C2441C26900DAE9F3 /* Project object */;
}
